
Microsoft Visual Studio Solution File, Format Version 12.00
# Visual Studio Version 16
VisualStudioVersion = 16.0.30907.101
MinimumVisualStudioVersion = 10.0.40219.1
Project("{FAE04EC0-301F-11D3-BF4B-00C04F79EFBC}") = "Calculater", "Calculater\Calculater.csproj", "{F9078CCD-02F8-452E-9257-DD685E27369E}"
EndProject
Global
	GlobalSection(SolutionConfigurationPlatforms) = preSolution
		Debug|Any CPU = Debug|Any CPU
		Release|Any CPU = Release|Any CPU
	EndGlobalSection
	GlobalSection(ProjectConfigurationPlatforms) = postSolution
		{F9078CCD-02F8-452E-9257-DD685E27369E}.Debug|Any CPU.ActiveCfg = Debug|Any CPU
		{F9078CCD-02F8-452E-9257-DD685E27369E}.Debug|Any CPU.Build.0 = Debug|Any CPU
		{F9078CCD-02F8-452E-9257-DD685E27369E}.Release|Any CPU.ActiveCfg = Release|Any CPU
		{F9078CCD-02F8-452E-9257-DD685E27369E}.Release|Any CPU.Build.0 = Release|Any CPU
	EndGlobalSection
	GlobalSection(SolutionProperties) = preSolution
		HideSolutionNode = FALSE
	EndGlobalSection
	GlobalSection(ExtensibilityGlobals) = postSolution
		SolutionGuid = {535BB78E-8CDE-4D4D-BC53-554FF4AE043E}
	EndGlobalSection
EndGlobal
